
Microsoft Visual Studio Solution File, Format Version 12.00
# Visual Studio Version 17
VisualStudioVersion = 17.0.31903.59
MinimumVisualStudioVersion = 10.0.40219.1
Project("{2150E333-8FDC-42A3-9474-1A3956D46DE8}") = "src", "src", "{827E0CD3-B72D-47B6-A68D-7590B98EB39B}"
EndProject
Project("{FAE04EC0-301F-11D3-BF4B-00C04F79EFBC}") = "Jef4Net", "src\Jef4Net\Jef4Net.csproj", "{46A87BEB-3F54-44F7-8DA8-361C40A4BE99}"
EndProject
Project("{FAE04EC0-301F-11D3-BF4B-00C04F79EFBC}") = "Jef4Net.CodeGen", "src\Jef4Net.CodeGen\Jef4Net.CodeGen.csproj", "{223995B6-9FC5-4818-B8B9-B88C22E5F24A}"
EndProject
Project("{2150E333-8FDC-42A3-9474-1A3956D46DE8}") = "tests", "tests", "{0AB3BF05-4346-4AA6-1389-037BE0695223}"
EndProject
Project("{FAE04EC0-301F-11D3-BF4B-00C04F79EFBC}") = "Jef4Net.Tests", "tests\Jef4Net.Tests\Jef4Net.Tests.csproj", "{0CF0C3ED-7F39-41A1-90DE-E7E287D340D2}"
EndProject
Global
	GlobalSection(SolutionConfigurationPlatforms) = preSolution
		Debug|Any CPU = Debug|Any CPU
		Debug|x64 = Debug|x64
		Debug|x86 = Debug|x86
		Release|Any CPU = Release|Any CPU
		Release|x64 = Release|x64
		Release|x86 = Release|x86
	EndGlobalSection
	GlobalSection(ProjectConfigurationPlatforms) = postSolution
		{46A87BEB-3F54-44F7-8DA8-361C40A4BE99}.Debug|Any CPU.ActiveCfg = Debug|Any CPU
		{46A87BEB-3F54-44F7-8DA8-361C40A4BE99}.Debug|Any CPU.Build.0 = Debug|Any CPU
		{46A87BEB-3F54-44F7-8DA8-361C40A4BE99}.Debug|x64.ActiveCfg = Debug|Any CPU
		{46A87BEB-3F54-44F7-8DA8-361C40A4BE99}.Debug|x64.Build.0 = Debug|Any CPU
		{46A87BEB-3F54-44F7-8DA8-361C40A4BE99}.Debug|x86.ActiveCfg = Debug|Any CPU
		{46A87BEB-3F54-44F7-8DA8-361C40A4BE99}.Debug|x86.Build.0 = Debug|Any CPU
		{46A87BEB-3F54-44F7-8DA8-361C40A4BE99}.Release|Any CPU.ActiveCfg = Release|Any CPU
		{46A87BEB-3F54-44F7-8DA8-361C40A4BE99}.Release|Any CPU.Build.0 = Release|Any CPU
		{46A87BEB-3F54-44F7-8DA8-361C40A4BE99}.Release|x64.ActiveCfg = Release|Any CPU
		{46A87BEB-3F54-44F7-8DA8-361C40A4BE99}.Release|x64.Build.0 = Release|Any CPU
		{46A87BEB-3F54-44F7-8DA8-361C40A4BE99}.Release|x86.ActiveCfg = Release|Any CPU
		{46A87BEB-3F54-44F7-8DA8-361C40A4BE99}.Release|x86.Build.0 = Release|Any CPU
		{223995B6-9FC5-4818-B8B9-B88C22E5F24A}.Debug|Any CPU.ActiveCfg = Debug|Any CPU
		{223995B6-9FC5-4818-B8B9-B88C22E5F24A}.Debug|Any CPU.Build.0 = Debug|Any CPU
		{223995B6-9FC5-4818-B8B9-B88C22E5F24A}.Debug|x64.ActiveCfg = Debug|Any CPU
		{223995B6-9FC5-4818-B8B9-B88C22E5F24A}.Debug|x64.Build.0 = Debug|Any CPU
		{223995B6-9FC5-4818-B8B9-B88C22E5F24A}.Debug|x86.ActiveCfg = Debug|Any CPU
		{223995B6-9FC5-4818-B8B9-B88C22E5F24A}.Debug|x86.Build.0 = Debug|Any CPU
		{223995B6-9FC5-4818-B8B9-B88C22E5F24A}.Release|Any CPU.ActiveCfg = Release|Any CPU
		{223995B6-9FC5-4818-B8B9-B88C22E5F24A}.Release|Any CPU.Build.0 = Release|Any CPU
		{223995B6-9FC5-4818-B8B9-B88C22E5F24A}.Release|x64.ActiveCfg = Release|Any CPU
		{223995B6-9FC5-4818-B8B9-B88C22E5F24A}.Release|x64.Build.0 = Release|Any CPU
		{223995B6-9FC5-4818-B8B9-B88C22E5F24A}.Release|x86.ActiveCfg = Release|Any CPU
		{223995B6-9FC5-4818-B8B9-B88C22E5F24A}.Release|x86.Build.0 = Release|Any CPU
		{0CF0C3ED-7F39-41A1-90DE-E7E287D340D2}.Debug|Any CPU.ActiveCfg = Debug|Any CPU
		{0CF0C3ED-7F39-41A1-90DE-E7E287D340D2}.Debug|Any CPU.Build.0 = Debug|Any CPU
		{0CF0C3ED-7F39-41A1-90DE-E7E287D340D2}.Debug|x64.ActiveCfg = Debug|Any CPU
		{0CF0C3ED-7F39-41A1-90DE-E7E287D340D2}.Debug|x64.Build.0 = Debug|Any CPU
		{0CF0C3ED-7F39-41A1-90DE-E7E287D340D2}.Debug|x86.ActiveCfg = Debug|Any CPU
		{0CF0C3ED-7F39-41A1-90DE-E7E287D340D2}.Debug|x86.Build.0 = Debug|Any CPU
		{0CF0C3ED-7F39-41A1-90DE-E7E287D340D2}.Release|Any CPU.ActiveCfg = Release|Any CPU
		{0CF0C3ED-7F39-41A1-90DE-E7E287D340D2}.Release|Any CPU.Build.0 = Release|Any CPU
		{0CF0C3ED-7F39-41A1-90DE-E7E287D340D2}.Release|x64.ActiveCfg = Release|Any CPU
		{0CF0C3ED-7F39-41A1-90DE-E7E287D340D2}.Release|x64.Build.0 = Release|Any CPU
		{0CF0C3ED-7F39-41A1-90DE-E7E287D340D2}.Release|x86.ActiveCfg = Release|Any CPU
		{0CF0C3ED-7F39-41A1-90DE-E7E287D340D2}.Release|x86.Build.0 = Release|Any CPU
	EndGlobalSection
	GlobalSection(SolutionProperties) = preSolution
		HideSolutionNode = FALSE
	EndGlobalSection
	GlobalSection(NestedProjects) = preSolution
		{46A87BEB-3F54-44F7-8DA8-361C40A4BE99} = {827E0CD3-B72D-47B6-A68D-7590B98EB39B}
		{223995B6-9FC5-4818-B8B9-B88C22E5F24A} = {827E0CD3-B72D-47B6-A68D-7590B98EB39B}
		{0CF0C3ED-7F39-41A1-90DE-E7E287D340D2} = {0AB3BF05-4346-4AA6-1389-037BE0695223}
	EndGlobalSection
EndGlobal
